
Microsoft Visual Studio Solution File, Format Version 12.00
Project("{FAE04EC0-301F-11D3-BF4B-00C04F79EFBC}") = "GamesTournamentsWeb.Web", "GamesTournamentsWeb.Web\GamesTournamentsWeb.Web.csproj", "{E6963675-A3A0-4EC3-A765-DB3E399863AB}"
EndProject
Project("{FAE04EC0-301F-11D3-BF4B-00C04F79EFBC}") = "GamesTournamentsWeb.DataAccess", "GamesTournamentsWeb.DataAccess\GamesTournamentsWeb.DataAccess.csproj", "{65055B8E-F7ED-4D6D-A004-BD977689009D}"
EndProject
Project("{FAE04EC0-301F-11D3-BF4B-00C04F79EFBC}") = "GamesTournamentsWeb.Infrastructure", "GamesTournamentsWeb.Infrastructure\GamesTournamentsWeb.Infrastructure.csproj", "{EFDFEC16-4DCF-4BF6-BDFF-1BED2E07CF9A}"
EndProject
Project("{FAE04EC0-301F-11D3-BF4B-00C04F79EFBC}") = "GamesTournamentsWeb.Tests", "GamesTournamentsWeb.Tests\GamesTournamentsWeb.Tests.csproj", "{5C9F37A1-D08E-46E1-B9B2-BB19530949F1}"
EndProject
Project("{FAE04EC0-301F-11D3-BF4B-00C04F79EFBC}") = "GamesTournamentsWeb.Common", "GamesTournamentsWeb.Common\GamesTournamentsWeb.Common.csproj", "{356D5FCA-4EC8-451A-85BE-A127E95815CC}"
EndProject
Global
	GlobalSection(SolutionConfigurationPlatforms) = preSolution
		Debug|Any CPU = Debug|Any CPU
		Release|Any CPU = Release|Any CPU
	EndGlobalSection
	GlobalSection(ProjectConfigurationPlatforms) = postSolution
		{E6963675-A3A0-4EC3-A765-DB3E399863AB}.Debug|Any CPU.ActiveCfg = Debug|Any CPU
		{E6963675-A3A0-4EC3-A765-DB3E399863AB}.Debug|Any CPU.Build.0 = Debug|Any CPU
		{E6963675-A3A0-4EC3-A765-DB3E399863AB}.Release|Any CPU.ActiveCfg = Release|Any CPU
		{E6963675-A3A0-4EC3-A765-DB3E399863AB}.Release|Any CPU.Build.0 = Release|Any CPU
		{65055B8E-F7ED-4D6D-A004-BD977689009D}.Debug|Any CPU.ActiveCfg = Debug|Any CPU
		{65055B8E-F7ED-4D6D-A004-BD977689009D}.Debug|Any CPU.Build.0 = Debug|Any CPU
		{65055B8E-F7ED-4D6D-A004-BD977689009D}.Release|Any CPU.ActiveCfg = Release|Any CPU
		{65055B8E-F7ED-4D6D-A004-BD977689009D}.Release|Any CPU.Build.0 = Release|Any CPU
		{EFDFEC16-4DCF-4BF6-BDFF-1BED2E07CF9A}.Debug|Any CPU.ActiveCfg = Debug|Any CPU
		{EFDFEC16-4DCF-4BF6-BDFF-1BED2E07CF9A}.Debug|Any CPU.Build.0 = Debug|Any CPU
		{EFDFEC16-4DCF-4BF6-BDFF-1BED2E07CF9A}.Release|Any CPU.ActiveCfg = Release|Any CPU
		{EFDFEC16-4DCF-4BF6-BDFF-1BED2E07CF9A}.Release|Any CPU.Build.0 = Release|Any CPU
		{5C9F37A1-D08E-46E1-B9B2-BB19530949F1}.Debug|Any CPU.ActiveCfg = Debug|Any CPU
		{5C9F37A1-D08E-46E1-B9B2-BB19530949F1}.Debug|Any CPU.Build.0 = Debug|Any CPU
		{5C9F37A1-D08E-46E1-B9B2-BB19530949F1}.Release|Any CPU.ActiveCfg = Release|Any CPU
		{5C9F37A1-D08E-46E1-B9B2-BB19530949F1}.Release|Any CPU.Build.0 = Release|Any CPU
		{356D5FCA-4EC8-451A-85BE-A127E95815CC}.Debug|Any CPU.ActiveCfg = Debug|Any CPU
		{356D5FCA-4EC8-451A-85BE-A127E95815CC}.Debug|Any CPU.Build.0 = Debug|Any CPU
		{356D5FCA-4EC8-451A-85BE-A127E95815CC}.Release|Any CPU.ActiveCfg = Release|Any CPU
		{356D5FCA-4EC8-451A-85BE-A127E95815CC}.Release|Any CPU.Build.0 = Release|Any CPU
	EndGlobalSection
EndGlobal
